
Microsoft Visual Studio Solution File, Format Version 12.00
# Visual Studio Version 17
VisualStudioVersion = 17.1.32228.430
MinimumVisualStudioVersion = 10.0.40219.1
Project("{FAE04EC0-301F-11D3-BF4B-00C04F79EFBC}") = "MyFirstProject.API", "MyFirstProjet.API\MyFirstProject.API.csproj", "{FBA8E937-3AE9-4B72-B207-C207256DD411}"
EndProject
Project("{FAE04EC0-301F-11D3-BF4B-00C04F79EFBC}") = "MyFirstProject.Shared", "MyFirstProject.Shared\MyFirstProject.Shared.csproj", "{A693B949-538F-461E-825D-D22599C05D0E}"
EndProject
Global
	GlobalSection(SolutionConfigurationPlatforms) = preSolution
		Debug|Any CPU = Debug|Any CPU
		Release|Any CPU = Release|Any CPU
	EndGlobalSection
	GlobalSection(ProjectConfigurationPlatforms) = postSolution
		{FBA8E937-3AE9-4B72-B207-C207256DD411}.Debug|Any CPU.ActiveCfg = Debug|Any CPU
		{FBA8E937-3AE9-4B72-B207-C207256DD411}.Debug|Any CPU.Build.0 = Debug|Any CPU
		{FBA8E937-3AE9-4B72-B207-C207256DD411}.Release|Any CPU.ActiveCfg = Release|Any CPU
		{FBA8E937-3AE9-4B72-B207-C207256DD411}.Release|Any CPU.Build.0 = Release|Any CPU
		{A693B949-538F-461E-825D-D22599C05D0E}.Debug|Any CPU.ActiveCfg = Debug|Any CPU
		{A693B949-538F-461E-825D-D22599C05D0E}.Debug|Any CPU.Build.0 = Debug|Any CPU
		{A693B949-538F-461E-825D-D22599C05D0E}.Release|Any CPU.ActiveCfg = Release|Any CPU
		{A693B949-538F-461E-825D-D22599C05D0E}.Release|Any CPU.Build.0 = Release|Any CPU
	EndGlobalSection
	GlobalSection(SolutionProperties) = preSolution
		HideSolutionNode = FALSE
	EndGlobalSection
	GlobalSection(ExtensibilityGlobals) = postSolution
		SolutionGuid = {A9DAB7A8-54EF-493F-8109-8EE642393190}
	EndGlobalSection
EndGlobal
